
Microsoft Visual Studio Solution File, Format Version 12.00
# Visual Studio 15
VisualStudioVersion = 15.0.28307.1758
MinimumVisualStudioVersion = 10.0.40219.1
Project("{8BC9CEB8-8B4A-11D0-8D11-00A0C91BC942}") = "OpenGLEarth3d", "OpenGLEarth3d\OpenGLEarth3d.vcxproj", "{BCEE1305-ACD7-4D30-B33A-B0C9F96C40E4}"
EndProject
Global
	GlobalSection(SolutionConfigurationPlatforms) = preSolution
		Debug|x64 = Debug|x64
		Debug|x86 = Debug|x86
		Release|x64 = Release|x64
		Release|x86 = Release|x86
	EndGlobalSection
	GlobalSection(ProjectConfigurationPlatforms) = postSolution
		{BCEE1305-ACD7-4D30-B33A-B0C9F96C40E4}.Debug|x64.ActiveCfg = Debug|x64
		{BCEE1305-ACD7-4D30-B33A-B0C9F96C40E4}.Debug|x64.Build.0 = Debug|x64
		{BCEE1305-ACD7-4D30-B33A-B0C9F96C40E4}.Debug|x86.ActiveCfg = Debug|Win32
		{BCEE1305-ACD7-4D30-B33A-B0C9F96C40E4}.Debug|x86.Build.0 = Debug|Win32
		{BCEE1305-ACD7-4D30-B33A-B0C9F96C40E4}.Release|x64.ActiveCfg = Release|x64
		{BCEE1305-ACD7-4D30-B33A-B0C9F96C40E4}.Release|x64.Build.0 = Release|x64
		{BCEE1305-ACD7-4D30-B33A-B0C9F96C40E4}.Release|x86.ActiveCfg = Release|Win32
		{BCEE1305-ACD7-4D30-B33A-B0C9F96C40E4}.Release|x86.Build.0 = Release|Win32
	EndGlobalSection
	GlobalSection(SolutionProperties) = preSolution
		HideSolutionNode = FALSE
	EndGlobalSection
	GlobalSection(ExtensibilityGlobals) = postSolution
		SolutionGuid = {59701E85-4E61-4C5A-8316-44460BED8F52}
	EndGlobalSection
EndGlobal
